{
  "version": 4,
  "terraform_version": "1.12.2",
  "serial": 20,
  "lineage": "144ca065-bb9c-3662-cbc5-eaa96c5e6458",
  "outputs": {
    "ips": {
      "value": {
        "consul1": "192.168.122.91",
        "consul2": "192.168.122.92",
        "consul3": "192.168.122.93",
        "web1": "192.168.122.101",
        "web2": "192.168.122.102",
        "web3": "192.168.122.103"
      },
      "type": [
        "object",
        {
          "consul1": "string",
          "consul2": "string",
          "consul3": "string",
          "web1": "string",
          "web2": "string",
          "web3": "string"
        }
      ]
    }
  },
  "resources": [
    {
      "mode": "data",
      "type": "template_file",
      "name": "user_data",
      "provider": "provider[\"registry.terraform.io/hashicorp/template\"]",
      "instances": [
        {
          "schema_version": 0,
          "attributes": {
            "filename": null,
            "id": "dce19da6db8c36da6fa6686fdd789108b4cf63a1429c49dd4ab44490237a2f1a",
            "rendered": "#cloud-config\nusers:\n  - name: ubuntu\n    sudo: ALL=(ALL) NOPASSWD:ALL\n    shell: /bin/bash\n    lock_passwd: false\n    ssh_authorized_keys:\n      - ssh-rsa AAAAB3NzaC1yc2EAAAADAQABAAACAQCxJR69Hu6THP/OH0tIaHEMURwMCMj8oGF8NGNvF1T2la/8NBFMoX74XJztMlS7RTvoTxpfn/qlK91sCKN3ci9TJ8qfgH6e0jj4fA23+hkC1Re3o9wMUHmMpUfHrzlNDsAqBOemNKBRAKQfoR2DLzzKWNfacJ+j6S0Bkd3xsqhfKlNxERSbTmk8oQ8z0MhbQtkwFS/wQwoB9mrQwE6vqNNGK0G6a3oIhlEG5drMwnmeRQaCqdWY0X7/fL4LSZUNQ6FwBYs2r1ixRxCZgw240jQFweoLuH0swlFF9gsJv0CSzRrOUZitmg6quJuzeQpFgSu8QWQxZBXqcD338fSgFuY7zeTWKWuKpVpe90qQifgPTUyj81rlnm6klhSltsyrufry3UWmlKG/Jyi93GnGY2VAI0Ht11KMLtCWuJoCysk3wOontHT+w+Duzre3u2DCG+oLn/rnLgFiPBq6YPjYFyh4mJbxHfQI2jiP4aCNn23XHC+Svb4oRTcgFR9wvrCSDrYZ4MG9Ogu+C4Fy4gLml3gxeFGYwLHoAh6DJcXjwpoVdwndpqZhlou8ZhRecGnRfQfdfz9wL8p1q8u48xzqp4998AnH5wsXqsDtQGtX4icygUHpgdbuJXZDvm+sES5OyAEm953NT2ABxI5f4174SvYCfoJqem0aKHmiKM9Sobcb+w== sk@skhome01\n\nssh_pwauth: false\ndisable_root: true\n",
            "template": "#cloud-config\nusers:\n  - name: ubuntu\n    sudo: ALL=(ALL) NOPASSWD:ALL\n    shell: /bin/bash\n    lock_passwd: false\n    ssh_authorized_keys:\n      - ${ssh_key}\nssh_pwauth: false\ndisable_root: true\n",
            "vars": {
              "ssh_key": "ssh-rsa AAAAB3NzaC1yc2EAAAADAQABAAACAQCxJR69Hu6THP/OH0tIaHEMURwMCMj8oGF8NGNvF1T2la/8NBFMoX74XJztMlS7RTvoTxpfn/qlK91sCKN3ci9TJ8qfgH6e0jj4fA23+hkC1Re3o9wMUHmMpUfHrzlNDsAqBOemNKBRAKQfoR2DLzzKWNfacJ+j6S0Bkd3xsqhfKlNxERSbTmk8oQ8z0MhbQtkwFS/wQwoB9mrQwE6vqNNGK0G6a3oIhlEG5drMwnmeRQaCqdWY0X7/fL4LSZUNQ6FwBYs2r1ixRxCZgw240jQFweoLuH0swlFF9gsJv0CSzRrOUZitmg6quJuzeQpFgSu8QWQxZBXqcD338fSgFuY7zeTWKWuKpVpe90qQifgPTUyj81rlnm6klhSltsyrufry3UWmlKG/Jyi93GnGY2VAI0Ht11KMLtCWuJoCysk3wOontHT+w+Duzre3u2DCG+oLn/rnLgFiPBq6YPjYFyh4mJbxHfQI2jiP4aCNn23XHC+Svb4oRTcgFR9wvrCSDrYZ4MG9Ogu+C4Fy4gLml3gxeFGYwLHoAh6DJcXjwpoVdwndpqZhlou8ZhRecGnRfQfdfz9wL8p1q8u48xzqp4998AnH5wsXqsDtQGtX4icygUHpgdbuJXZDvm+sES5OyAEm953NT2ABxI5f4174SvYCfoJqem0aKHmiKM9Sobcb+w== sk@skhome01\n"
            }
          },
          "sensitive_attributes": [],
          "identity_schema_version": 0
        }
      ]
    },
    {
      "mode": "managed",
      "type": "libvirt_cloudinit_disk",
      "name": "init",
      "provider": "provider[\"registry.terraform.io/dmacvicar/libvirt\"]",
      "instances": [
        {
          "index_key": "consul1",
          "schema_version": 0,
          "attributes": {
            "id": "/var/lib/libvirt/images/consul1-cloudinit.iso;e4a9eb42-7331-4653-b4d5-7ce4f0893f30",
            "meta_data": "",
            "name": "consul1-cloudinit.iso",
            "network_config": "",
            "pool": "default",
            "user_data": "#cloud-config\nusers:\n  - name: ubuntu\n    sudo: ALL=(ALL) NOPASSWD:ALL\n    shell: /bin/bash\n    lock_passwd: false\n    ssh_authorized_keys:\n      - ssh-rsa AAAAB3NzaC1yc2EAAAADAQABAAACAQCxJR69Hu6THP/OH0tIaHEMURwMCMj8oGF8NGNvF1T2la/8NBFMoX74XJztMlS7RTvoTxpfn/qlK91sCKN3ci9TJ8qfgH6e0jj4fA23+hkC1Re3o9wMUHmMpUfHrzlNDsAqBOemNKBRAKQfoR2DLzzKWNfacJ+j6S0Bkd3xsqhfKlNxERSbTmk8oQ8z0MhbQtkwFS/wQwoB9mrQwE6vqNNGK0G6a3oIhlEG5drMwnmeRQaCqdWY0X7/fL4LSZUNQ6FwBYs2r1ixRxCZgw240jQFweoLuH0swlFF9gsJv0CSzRrOUZitmg6quJuzeQpFgSu8QWQxZBXqcD338fSgFuY7zeTWKWuKpVpe90qQifgPTUyj81rlnm6klhSltsyrufry3UWmlKG/Jyi93GnGY2VAI0Ht11KMLtCWuJoCysk3wOontHT+w+Duzre3u2DCG+oLn/rnLgFiPBq6YPjYFyh4mJbxHfQI2jiP4aCNn23XHC+Svb4oRTcgFR9wvrCSDrYZ4MG9Ogu+C4Fy4gLml3gxeFGYwLHoAh6DJcXjwpoVdwndpqZhlou8ZhRecGnRfQfdfz9wL8p1q8u48xzqp4998AnH5wsXqsDtQGtX4icygUHpgdbuJXZDvm+sES5OyAEm953NT2ABxI5f4174SvYCfoJqem0aKHmiKM9Sobcb+w== sk@skhome01\n\nssh_pwauth: false\ndisable_root: true\n"
          },
          "sensitive_attributes": [],
          "identity_schema_version": 0,
          "private": "bnVsbA==",
          "dependencies": [
            "data.template_file.user_data"
          ]
        },
        {
          "index_key": "consul2",
          "schema_version": 0,
          "attributes": {
            "id": "/var/lib/libvirt/images/consul2-cloudinit.iso;3f49666f-9073-490d-8151-030bbd12e243",
            "meta_data": "",
            "name": "consul2-cloudinit.iso",
            "network_config": "",
            "pool": "default",
            "user_data": "#cloud-config\nusers:\n  - name: ubuntu\n    sudo: ALL=(ALL) NOPASSWD:ALL\n    shell: /bin/bash\n    lock_passwd: false\n    ssh_authorized_keys:\n      - ssh-rsa AAAAB3NzaC1yc2EAAAADAQABAAACAQCxJR69Hu6THP/OH0tIaHEMURwMCMj8oGF8NGNvF1T2la/8NBFMoX74XJztMlS7RTvoTxpfn/qlK91sCKN3ci9TJ8qfgH6e0jj4fA23+hkC1Re3o9wMUHmMpUfHrzlNDsAqBOemNKBRAKQfoR2DLzzKWNfacJ+j6S0Bkd3xsqhfKlNxERSbTmk8oQ8z0MhbQtkwFS/wQwoB9mrQwE6vqNNGK0G6a3oIhlEG5drMwnmeRQaCqdWY0X7/fL4LSZUNQ6FwBYs2r1ixRxCZgw240jQFweoLuH0swlFF9gsJv0CSzRrOUZitmg6quJuzeQpFgSu8QWQxZBXqcD338fSgFuY7zeTWKWuKpVpe90qQifgPTUyj81rlnm6klhSltsyrufry3UWmlKG/Jyi93GnGY2VAI0Ht11KMLtCWuJoCysk3wOontHT+w+Duzre3u2DCG+oLn/rnLgFiPBq6YPjYFyh4mJbxHfQI2jiP4aCNn23XHC+Svb4oRTcgFR9wvrCSDrYZ4MG9Ogu+C4Fy4gLml3gxeFGYwLHoAh6DJcXjwpoVdwndpqZhlou8ZhRecGnRfQfdfz9wL8p1q8u48xzqp4998AnH5wsXqsDtQGtX4icygUHpgdbuJXZDvm+sES5OyAEm953NT2ABxI5f4174SvYCfoJqem0aKHmiKM9Sobcb+w== sk@skhome01\n\nssh_pwauth: false\ndisable_root: true\n"
          },
          "sensitive_attributes": [],
          "identity_schema_version": 0,
          "private": "bnVsbA==",
          "dependencies": [
            "data.template_file.user_data"
          ]
        },
        {
          "index_key": "consul3",
          "schema_version": 0,
          "attributes": {
            "id": "/var/lib/libvirt/images/consul3-cloudinit.iso;9b11b308-4f8c-4600-b3f8-bc1007e79ed2",
            "meta_data": "",
            "name": "consul3-cloudinit.iso",
            "network_config": "",
            "pool": "default",
            "user_data": "#cloud-config\nusers:\n  - name: ubuntu\n    sudo: ALL=(ALL) NOPASSWD:ALL\n    shell: /bin/bash\n    lock_passwd: false\n    ssh_authorized_keys:\n      - ssh-rsa AAAAB3NzaC1yc2EAAAADAQABAAACAQCxJR69Hu6THP/OH0tIaHEMURwMCMj8oGF8NGNvF1T2la/8NBFMoX74XJztMlS7RTvoTxpfn/qlK91sCKN3ci9TJ8qfgH6e0jj4fA23+hkC1Re3o9wMUHmMpUfHrzlNDsAqBOemNKBRAKQfoR2DLzzKWNfacJ+j6S0Bkd3xsqhfKlNxERSbTmk8oQ8z0MhbQtkwFS/wQwoB9mrQwE6vqNNGK0G6a3oIhlEG5drMwnmeRQaCqdWY0X7/fL4LSZUNQ6FwBYs2r1ixRxCZgw240jQFweoLuH0swlFF9gsJv0CSzRrOUZitmg6quJuzeQpFgSu8QWQxZBXqcD338fSgFuY7zeTWKWuKpVpe90qQifgPTUyj81rlnm6klhSltsyrufry3UWmlKG/Jyi93GnGY2VAI0Ht11KMLtCWuJoCysk3wOontHT+w+Duzre3u2DCG+oLn/rnLgFiPBq6YPjYFyh4mJbxHfQI2jiP4aCNn23XHC+Svb4oRTcgFR9wvrCSDrYZ4MG9Ogu+C4Fy4gLml3gxeFGYwLHoAh6DJcXjwpoVdwndpqZhlou8ZhRecGnRfQfdfz9wL8p1q8u48xzqp4998AnH5wsXqsDtQGtX4icygUHpgdbuJXZDvm+sES5OyAEm953NT2ABxI5f4174SvYCfoJqem0aKHmiKM9Sobcb+w== sk@skhome01\n\nssh_pwauth: false\ndisable_root: true\n"
          },
          "sensitive_attributes": [],
          "identity_schema_version": 0,
          "private": "bnVsbA==",
          "dependencies": [
            "data.template_file.user_data"
          ]
        },
        {
          "index_key": "web1",
          "schema_version": 0,
          "attributes": {
            "id": "/var/lib/libvirt/images/web1-cloudinit.iso;87d72dfc-32cd-4098-a777-946f276ea1a7",
            "meta_data": "",
            "name": "web1-cloudinit.iso",
            "network_config": "",
            "pool": "default",
            "user_data": "#cloud-config\nusers:\n  - name: ubuntu\n    sudo: ALL=(ALL) NOPASSWD:ALL\n    shell: /bin/bash\n    lock_passwd: false\n    ssh_authorized_keys:\n      - ssh-rsa AAAAB3NzaC1yc2EAAAADAQABAAACAQCxJR69Hu6THP/OH0tIaHEMURwMCMj8oGF8NGNvF1T2la/8NBFMoX74XJztMlS7RTvoTxpfn/qlK91sCKN3ci9TJ8qfgH6e0jj4fA23+hkC1Re3o9wMUHmMpUfHrzlNDsAqBOemNKBRAKQfoR2DLzzKWNfacJ+j6S0Bkd3xsqhfKlNxERSbTmk8oQ8z0MhbQtkwFS/wQwoB9mrQwE6vqNNGK0G6a3oIhlEG5drMwnmeRQaCqdWY0X7/fL4LSZUNQ6FwBYs2r1ixRxCZgw240jQFweoLuH0swlFF9gsJv0CSzRrOUZitmg6quJuzeQpFgSu8QWQxZBXqcD338fSgFuY7zeTWKWuKpVpe90qQifgPTUyj81rlnm6klhSltsyrufry3UWmlKG/Jyi93GnGY2VAI0Ht11KMLtCWuJoCysk3wOontHT+w+Duzre3u2DCG+oLn/rnLgFiPBq6YPjYFyh4mJbxHfQI2jiP4aCNn23XHC+Svb4oRTcgFR9wvrCSDrYZ4MG9Ogu+C4Fy4gLml3gxeFGYwLHoAh6DJcXjwpoVdwndpqZhlou8ZhRecGnRfQfdfz9wL8p1q8u48xzqp4998AnH5wsXqsDtQGtX4icygUHpgdbuJXZDvm+sES5OyAEm953NT2ABxI5f4174SvYCfoJqem0aKHmiKM9Sobcb+w== sk@skhome01\n\nssh_pwauth: false\ndisable_root: true\n"
          },
          "sensitive_attributes": [],
          "identity_schema_version": 0,
          "private": "bnVsbA==",
          "dependencies": [
            "data.template_file.user_data"
          ]
        },
        {
          "index_key": "web2",
          "schema_version": 0,
          "attributes": {
            "id": "/var/lib/libvirt/images/web2-cloudinit.iso;0d60cc10-b62c-454d-9a0d-abf9c2de7f85",
            "meta_data": "",
            "name": "web2-cloudinit.iso",
            "network_config": "",
            "pool": "default",
            "user_data": "#cloud-config\nusers:\n  - name: ubuntu\n    sudo: ALL=(ALL) NOPASSWD:ALL\n    shell: /bin/bash\n    lock_passwd: false\n    ssh_authorized_keys:\n      - ssh-rsa AAAAB3NzaC1yc2EAAAADAQABAAACAQCxJR69Hu6THP/OH0tIaHEMURwMCMj8oGF8NGNvF1T2la/8NBFMoX74XJztMlS7RTvoTxpfn/qlK91sCKN3ci9TJ8qfgH6e0jj4fA23+hkC1Re3o9wMUHmMpUfHrzlNDsAqBOemNKBRAKQfoR2DLzzKWNfacJ+j6S0Bkd3xsqhfKlNxERSbTmk8oQ8z0MhbQtkwFS/wQwoB9mrQwE6vqNNGK0G6a3oIhlEG5drMwnmeRQaCqdWY0X7/fL4LSZUNQ6FwBYs2r1ixRxCZgw240jQFweoLuH0swlFF9gsJv0CSzRrOUZitmg6quJuzeQpFgSu8QWQxZBXqcD338fSgFuY7zeTWKWuKpVpe90qQifgPTUyj81rlnm6klhSltsyrufry3UWmlKG/Jyi93GnGY2VAI0Ht11KMLtCWuJoCysk3wOontHT+w+Duzre3u2DCG+oLn/rnLgFiPBq6YPjYFyh4mJbxHfQI2jiP4aCNn23XHC+Svb4oRTcgFR9wvrCSDrYZ4MG9Ogu+C4Fy4gLml3gxeFGYwLHoAh6DJcXjwpoVdwndpqZhlou8ZhRecGnRfQfdfz9wL8p1q8u48xzqp4998AnH5wsXqsDtQGtX4icygUHpgdbuJXZDvm+sES5OyAEm953NT2ABxI5f4174SvYCfoJqem0aKHmiKM9Sobcb+w== sk@skhome01\n\nssh_pwauth: false\ndisable_root: true\n"
          },
          "sensitive_attributes": [],
          "identity_schema_version": 0,
          "private": "bnVsbA==",
          "dependencies": [
            "data.template_file.user_data"
          ]
        },
        {
          "index_key": "web3",
          "schema_version": 0,
          "attributes": {
            "id": "/var/lib/libvirt/images/web3-cloudinit.iso;9df7e528-0890-40ee-b6f1-011ba18337ac",
            "meta_data": "",
            "name": "web3-cloudinit.iso",
            "network_config": "",
            "pool": "default",
            "user_data": "#cloud-config\nusers:\n  - name: ubuntu\n    sudo: ALL=(ALL) NOPASSWD:ALL\n    shell: /bin/bash\n    lock_passwd: false\n    ssh_authorized_keys:\n      - ssh-rsa AAAAB3NzaC1yc2EAAAADAQABAAACAQCxJR69Hu6THP/OH0tIaHEMURwMCMj8oGF8NGNvF1T2la/8NBFMoX74XJztMlS7RTvoTxpfn/qlK91sCKN3ci9TJ8qfgH6e0jj4fA23+hkC1Re3o9wMUHmMpUfHrzlNDsAqBOemNKBRAKQfoR2DLzzKWNfacJ+j6S0Bkd3xsqhfKlNxERSbTmk8oQ8z0MhbQtkwFS/wQwoB9mrQwE6vqNNGK0G6a3oIhlEG5drMwnmeRQaCqdWY0X7/fL4LSZUNQ6FwBYs2r1ixRxCZgw240jQFweoLuH0swlFF9gsJv0CSzRrOUZitmg6quJuzeQpFgSu8QWQxZBXqcD338fSgFuY7zeTWKWuKpVpe90qQifgPTUyj81rlnm6klhSltsyrufry3UWmlKG/Jyi93GnGY2VAI0Ht11KMLtCWuJoCysk3wOontHT+w+Duzre3u2DCG+oLn/rnLgFiPBq6YPjYFyh4mJbxHfQI2jiP4aCNn23XHC+Svb4oRTcgFR9wvrCSDrYZ4MG9Ogu+C4Fy4gLml3gxeFGYwLHoAh6DJcXjwpoVdwndpqZhlou8ZhRecGnRfQfdfz9wL8p1q8u48xzqp4998AnH5wsXqsDtQGtX4icygUHpgdbuJXZDvm+sES5OyAEm953NT2ABxI5f4174SvYCfoJqem0aKHmiKM9Sobcb+w== sk@skhome01\n\nssh_pwauth: false\ndisable_root: true\n"
          },
          "sensitive_attributes": [],
          "identity_schema_version": 0,
          "private": "bnVsbA==",
          "dependencies": [
            "data.template_file.user_data"
          ]
        }
      ]
    },
    {
      "mode": "managed",
      "type": "libvirt_domain",
      "name": "vm",
      "provider": "provider[\"registry.terraform.io/dmacvicar/libvirt\"]",
      "instances": [
        {
          "index_key": "consul1",
          "schema_version": 0,
          "attributes": {
            "arch": "x86_64",
            "autostart": false,
            "boot_device": [],
            "cloudinit": "/var/lib/libvirt/images/consul1-cloudinit.iso;e4a9eb42-7331-4653-b4d5-7ce4f0893f30",
            "cmdline": null,
            "console": [
              {
                "source_host": "127.0.0.1",
                "source_path": "",
                "source_service": "0",
                "target_port": "0",
                "target_type": "serial",
                "type": "pty"
              }
            ],
            "coreos_ignition": null,
            "cpu": [
              {
                "mode": "custom"
              }
            ],
            "description": "",
            "disk": [
              {
                "block_device": "",
                "file": "",
                "scsi": false,
                "url": "",
                "volume_id": "/var/lib/libvirt/images/consul1-disk.qcow2",
                "wwn": ""
              }
            ],
            "emulator": "/usr/bin/qemu-system-x86_64",
            "filesystem": [],
            "firmware": null,
            "fw_cfg_name": "opt/com.coreos/config",
            "graphics": [],
            "id": "143bf13d-0271-407e-9f5f-b6b89d9fc17c",
            "initrd": "",
            "kernel": "",
            "machine": "ubuntu",
            "memory": 1024,
            "metadata": null,
            "name": "consul-server1",
            "network_interface": [
              {
                "addresses": [],
                "bridge": "",
                "hostname": "",
                "mac": "52:54:00:DE:95:D1",
                "macvtap": "",
                "network_id": "c4ee6731-1fb9-42e4-898a-3ddb84f0f11c",
                "network_name": "default",
                "passthrough": "",
                "vepa": "",
                "wait_for_lease": false
              }
            ],
            "nvram": [],
            "qemu_agent": false,
            "running": true,
            "timeouts": null,
            "tpm": [],
            "vcpu": 1,
            "video": [],
            "xml": []
          },
          "sensitive_attributes": [],
          "identity_schema_version": 0,
          "private": "eyJlMmJmYjczMC1lY2FhLTExZTYtOGY4OC0zNDM2M2JjN2M0YzAiOnsiY3JlYXRlIjozMDAwMDAwMDAwMDB9fQ==",
          "dependencies": [
            "data.template_file.user_data",
            "libvirt_cloudinit_disk.init",
            "libvirt_volume.disk",
            "libvirt_volume.ubuntu_image"
          ]
        },
        {
          "index_key": "consul2",
          "schema_version": 0,
          "attributes": {
            "arch": "x86_64",
            "autostart": false,
            "boot_device": [],
            "cloudinit": "/var/lib/libvirt/images/consul2-cloudinit.iso;3f49666f-9073-490d-8151-030bbd12e243",
            "cmdline": null,
            "console": [
              {
                "source_host": "127.0.0.1",
                "source_path": "",
                "source_service": "0",
                "target_port": "0",
                "target_type": "serial",
                "type": "pty"
              }
            ],
            "coreos_ignition": null,
            "cpu": [
              {
                "mode": "custom"
              }
            ],
            "description": "",
            "disk": [
              {
                "block_device": "",
                "file": "",
                "scsi": false,
                "url": "",
                "volume_id": "/var/lib/libvirt/images/consul2-disk.qcow2",
                "wwn": ""
              }
            ],
            "emulator": "/usr/bin/qemu-system-x86_64",
            "filesystem": [],
            "firmware": null,
            "fw_cfg_name": "opt/com.coreos/config",
            "graphics": [],
            "id": "a319d67d-a763-45ff-88ee-42f1184f172e",
            "initrd": "",
            "kernel": "",
            "machine": "ubuntu",
            "memory": 1024,
            "metadata": null,
            "name": "consul-server2",
            "network_interface": [
              {
                "addresses": [],
                "bridge": "",
                "hostname": "",
                "mac": "52:54:00:32:92:4A",
                "macvtap": "",
                "network_id": "c4ee6731-1fb9-42e4-898a-3ddb84f0f11c",
                "network_name": "default",
                "passthrough": "",
                "vepa": "",
                "wait_for_lease": false
              }
            ],
            "nvram": [],
            "qemu_agent": false,
            "running": true,
            "timeouts": null,
            "tpm": [],
            "vcpu": 1,
            "video": [],
            "xml": []
          },
          "sensitive_attributes": [],
          "identity_schema_version": 0,
          "private": "eyJlMmJmYjczMC1lY2FhLTExZTYtOGY4OC0zNDM2M2JjN2M0YzAiOnsiY3JlYXRlIjozMDAwMDAwMDAwMDB9fQ==",
          "dependencies": [
            "data.template_file.user_data",
            "libvirt_cloudinit_disk.init",
            "libvirt_volume.disk",
            "libvirt_volume.ubuntu_image"
          ]
        },
        {
          "index_key": "consul3",
          "schema_version": 0,
          "attributes": {
            "arch": "x86_64",
            "autostart": false,
            "boot_device": [],
            "cloudinit": "/var/lib/libvirt/images/consul3-cloudinit.iso;9b11b308-4f8c-4600-b3f8-bc1007e79ed2",
            "cmdline": null,
            "console": [
              {
                "source_host": "127.0.0.1",
                "source_path": "",
                "source_service": "0",
                "target_port": "0",
                "target_type": "serial",
                "type": "pty"
              }
            ],
            "coreos_ignition": null,
            "cpu": [
              {
                "mode": "custom"
              }
            ],
            "description": "",
            "disk": [
              {
                "block_device": "",
                "file": "",
                "scsi": false,
                "url": "",
                "volume_id": "/var/lib/libvirt/images/consul3-disk.qcow2",
                "wwn": ""
              }
            ],
            "emulator": "/usr/bin/qemu-system-x86_64",
            "filesystem": [],
            "firmware": null,
            "fw_cfg_name": "opt/com.coreos/config",
            "graphics": [],
            "id": "d07c778c-0860-452d-91be-4b4891f69e45",
            "initrd": "",
            "kernel": "",
            "machine": "ubuntu",
            "memory": 1024,
            "metadata": null,
            "name": "consul-server3",
            "network_interface": [
              {
                "addresses": [],
                "bridge": "",
                "hostname": "",
                "mac": "52:54:00:7E:CF:A0",
                "macvtap": "",
                "network_id": "c4ee6731-1fb9-42e4-898a-3ddb84f0f11c",
                "network_name": "default",
                "passthrough": "",
                "vepa": "",
                "wait_for_lease": false
              }
            ],
            "nvram": [],
            "qemu_agent": false,
            "running": true,
            "timeouts": null,
            "tpm": [],
            "vcpu": 1,
            "video": [],
            "xml": []
          },
          "sensitive_attributes": [],
          "identity_schema_version": 0,
          "private": "eyJlMmJmYjczMC1lY2FhLTExZTYtOGY4OC0zNDM2M2JjN2M0YzAiOnsiY3JlYXRlIjozMDAwMDAwMDAwMDB9fQ==",
          "dependencies": [
            "data.template_file.user_data",
            "libvirt_cloudinit_disk.init",
            "libvirt_volume.disk",
            "libvirt_volume.ubuntu_image"
          ]
        },
        {
          "index_key": "web1",
          "schema_version": 0,
          "attributes": {
            "arch": "x86_64",
            "autostart": false,
            "boot_device": [],
            "cloudinit": "/var/lib/libvirt/images/web1-cloudinit.iso;87d72dfc-32cd-4098-a777-946f276ea1a7",
            "cmdline": null,
            "console": [
              {
                "source_host": "127.0.0.1",
                "source_path": "",
                "source_service": "0",
                "target_port": "0",
                "target_type": "serial",
                "type": "pty"
              }
            ],
            "coreos_ignition": null,
            "cpu": [
              {
                "mode": "custom"
              }
            ],
            "description": "",
            "disk": [
              {
                "block_device": "",
                "file": "",
                "scsi": false,
                "url": "",
                "volume_id": "/var/lib/libvirt/images/web1-disk.qcow2",
                "wwn": ""
              }
            ],
            "emulator": "/usr/bin/qemu-system-x86_64",
            "filesystem": [],
            "firmware": null,
            "fw_cfg_name": "opt/com.coreos/config",
            "graphics": [],
            "id": "62a0d155-f808-4fac-b0a2-b39fc5f7a683",
            "initrd": "",
            "kernel": "",
            "machine": "ubuntu",
            "memory": 1024,
            "metadata": null,
            "name": "web-node1",
            "network_interface": [
              {
                "addresses": [],
                "bridge": "",
                "hostname": "",
                "mac": "52:54:00:26:40:E4",
                "macvtap": "",
                "network_id": "c4ee6731-1fb9-42e4-898a-3ddb84f0f11c",
                "network_name": "default",
                "passthrough": "",
                "vepa": "",
                "wait_for_lease": false
              }
            ],
            "nvram": [],
            "qemu_agent": false,
            "running": true,
            "timeouts": null,
            "tpm": [],
            "vcpu": 1,
            "video": [],
            "xml": []
          },
          "sensitive_attributes": [],
          "identity_schema_version": 0,
          "private": "eyJlMmJmYjczMC1lY2FhLTExZTYtOGY4OC0zNDM2M2JjN2M0YzAiOnsiY3JlYXRlIjozMDAwMDAwMDAwMDB9fQ==",
          "dependencies": [
            "data.template_file.user_data",
            "libvirt_cloudinit_disk.init",
            "libvirt_volume.disk",
            "libvirt_volume.ubuntu_image"
          ]
        },
        {
          "index_key": "web2",
          "schema_version": 0,
          "attributes": {
            "arch": "x86_64",
            "autostart": false,
            "boot_device": [],
            "cloudinit": "/var/lib/libvirt/images/web2-cloudinit.iso;0d60cc10-b62c-454d-9a0d-abf9c2de7f85",
            "cmdline": null,
            "console": [
              {
                "source_host": "127.0.0.1",
                "source_path": "",
                "source_service": "0",
                "target_port": "0",
                "target_type": "serial",
                "type": "pty"
              }
            ],
            "coreos_ignition": null,
            "cpu": [
              {
                "mode": "custom"
              }
            ],
            "description": "",
            "disk": [
              {
                "block_device": "",
                "file": "",
                "scsi": false,
                "url": "",
                "volume_id": "/var/lib/libvirt/images/web2-disk.qcow2",
                "wwn": ""
              }
            ],
            "emulator": "/usr/bin/qemu-system-x86_64",
            "filesystem": [],
            "firmware": null,
            "fw_cfg_name": "opt/com.coreos/config",
            "graphics": [],
            "id": "f98fdf93-9609-42e5-86a1-61dc9de654c9",
            "initrd": "",
            "kernel": "",
            "machine": "ubuntu",
            "memory": 1024,
            "metadata": null,
            "name": "web-node2",
            "network_interface": [
              {
                "addresses": [],
                "bridge": "",
                "hostname": "",
                "mac": "52:54:00:FA:67:BA",
                "macvtap": "",
                "network_id": "c4ee6731-1fb9-42e4-898a-3ddb84f0f11c",
                "network_name": "default",
                "passthrough": "",
                "vepa": "",
                "wait_for_lease": false
              }
            ],
            "nvram": [],
            "qemu_agent": false,
            "running": true,
            "timeouts": null,
            "tpm": [],
            "vcpu": 1,
            "video": [],
            "xml": []
          },
          "sensitive_attributes": [],
          "identity_schema_version": 0,
          "private": "eyJlMmJmYjczMC1lY2FhLTExZTYtOGY4OC0zNDM2M2JjN2M0YzAiOnsiY3JlYXRlIjozMDAwMDAwMDAwMDB9fQ==",
          "dependencies": [
            "data.template_file.user_data",
            "libvirt_cloudinit_disk.init",
            "libvirt_volume.disk",
            "libvirt_volume.ubuntu_image"
          ]
        },
        {
          "index_key": "web3",
          "schema_version": 0,
          "attributes": {
            "arch": "x86_64",
            "autostart": false,
            "boot_device": [],
            "cloudinit": "/var/lib/libvirt/images/web3-cloudinit.iso;9df7e528-0890-40ee-b6f1-011ba18337ac",
            "cmdline": null,
            "console": [
              {
                "source_host": "127.0.0.1",
                "source_path": "",
                "source_service": "0",
                "target_port": "0",
                "target_type": "serial",
                "type": "pty"
              }
            ],
            "coreos_ignition": null,
            "cpu": [
              {
                "mode": "custom"
              }
            ],
            "description": "",
            "disk": [
              {
                "block_device": "",
                "file": "",
                "scsi": false,
                "url": "",
                "volume_id": "/var/lib/libvirt/images/web3-disk.qcow2",
                "wwn": ""
              }
            ],
            "emulator": "/usr/bin/qemu-system-x86_64",
            "filesystem": [],
            "firmware": null,
            "fw_cfg_name": "opt/com.coreos/config",
            "graphics": [],
            "id": "c934586d-05a8-4af5-9cdc-b2d36d527e58",
            "initrd": "",
            "kernel": "",
            "machine": "ubuntu",
            "memory": 1024,
            "metadata": null,
            "name": "web-node3",
            "network_interface": [
              {
                "addresses": [],
                "bridge": "",
                "hostname": "",
                "mac": "52:54:00:D2:A2:4E",
                "macvtap": "",
                "network_id": "c4ee6731-1fb9-42e4-898a-3ddb84f0f11c",
                "network_name": "default",
                "passthrough": "",
                "vepa": "",
                "wait_for_lease": false
              }
            ],
            "nvram": [],
            "qemu_agent": false,
            "running": true,
            "timeouts": null,
            "tpm": [],
            "vcpu": 1,
            "video": [],
            "xml": []
          },
          "sensitive_attributes": [],
          "identity_schema_version": 0,
          "private": "eyJlMmJmYjczMC1lY2FhLTExZTYtOGY4OC0zNDM2M2JjN2M0YzAiOnsiY3JlYXRlIjozMDAwMDAwMDAwMDB9fQ==",
          "dependencies": [
            "data.template_file.user_data",
            "libvirt_cloudinit_disk.init",
            "libvirt_volume.disk",
            "libvirt_volume.ubuntu_image"
          ]
        }
      ]
    },
    {
      "mode": "managed",
      "type": "libvirt_volume",
      "name": "disk",
      "provider": "provider[\"registry.terraform.io/dmacvicar/libvirt\"]",
      "instances": [
        {
          "index_key": "consul1",
          "schema_version": 0,
          "attributes": {
            "base_volume_id": "/var/lib/libvirt/images/ubuntu-22.04-server-cloudimg-amd64.img",
            "base_volume_name": null,
            "base_volume_pool": null,
            "format": "qcow2",
            "id": "/var/lib/libvirt/images/consul1-disk.qcow2",
            "name": "consul1-disk.qcow2",
            "pool": "default",
            "size": 10737418240,
            "source": null,
            "xml": []
          },
          "sensitive_attributes": [],
          "identity_schema_version": 0,
          "private": "bnVsbA==",
          "dependencies": [
            "libvirt_volume.ubuntu_image"
          ]
        },
        {
          "index_key": "consul2",
          "schema_version": 0,
          "attributes": {
            "base_volume_id": "/var/lib/libvirt/images/ubuntu-22.04-server-cloudimg-amd64.img",
            "base_volume_name": null,
            "base_volume_pool": null,
            "format": "qcow2",
            "id": "/var/lib/libvirt/images/consul2-disk.qcow2",
            "name": "consul2-disk.qcow2",
            "pool": "default",
            "size": 10737418240,
            "source": null,
            "xml": []
          },
          "sensitive_attributes": [],
          "identity_schema_version": 0,
          "private": "bnVsbA==",
          "dependencies": [
            "libvirt_volume.ubuntu_image"
          ]
        },
        {
          "index_key": "consul3",
          "schema_version": 0,
          "attributes": {
            "base_volume_id": "/var/lib/libvirt/images/ubuntu-22.04-server-cloudimg-amd64.img",
            "base_volume_name": null,
            "base_volume_pool": null,
            "format": "qcow2",
            "id": "/var/lib/libvirt/images/consul3-disk.qcow2",
            "name": "consul3-disk.qcow2",
            "pool": "default",
            "size": 10737418240,
            "source": null,
            "xml": []
          },
          "sensitive_attributes": [],
          "identity_schema_version": 0,
          "private": "bnVsbA==",
          "dependencies": [
            "libvirt_volume.ubuntu_image"
          ]
        },
        {
          "index_key": "web1",
          "schema_version": 0,
          "attributes": {
            "base_volume_id": "/var/lib/libvirt/images/ubuntu-22.04-server-cloudimg-amd64.img",
            "base_volume_name": null,
            "base_volume_pool": null,
            "format": "qcow2",
            "id": "/var/lib/libvirt/images/web1-disk.qcow2",
            "name": "web1-disk.qcow2",
            "pool": "default",
            "size": 10737418240,
            "source": null,
            "xml": []
          },
          "sensitive_attributes": [],
          "identity_schema_version": 0,
          "private": "bnVsbA==",
          "dependencies": [
            "libvirt_volume.ubuntu_image"
          ]
        },
        {
          "index_key": "web2",
          "schema_version": 0,
          "attributes": {
            "base_volume_id": "/var/lib/libvirt/images/ubuntu-22.04-server-cloudimg-amd64.img",
            "base_volume_name": null,
            "base_volume_pool": null,
            "format": "qcow2",
            "id": "/var/lib/libvirt/images/web2-disk.qcow2",
            "name": "web2-disk.qcow2",
            "pool": "default",
            "size": 10737418240,
            "source": null,
            "xml": []
          },
          "sensitive_attributes": [],
          "identity_schema_version": 0,
          "private": "bnVsbA==",
          "dependencies": [
            "libvirt_volume.ubuntu_image"
          ]
        },
        {
          "index_key": "web3",
          "schema_version": 0,
          "attributes": {
            "base_volume_id": "/var/lib/libvirt/images/ubuntu-22.04-server-cloudimg-amd64.img",
            "base_volume_name": null,
            "base_volume_pool": null,
            "format": "qcow2",
            "id": "/var/lib/libvirt/images/web3-disk.qcow2",
            "name": "web3-disk.qcow2",
            "pool": "default",
            "size": 10737418240,
            "source": null,
            "xml": []
          },
          "sensitive_attributes": [],
          "identity_schema_version": 0,
          "private": "bnVsbA==",
          "dependencies": [
            "libvirt_volume.ubuntu_image"
          ]
        }
      ]
    },
    {
      "mode": "managed",
      "type": "libvirt_volume",
      "name": "ubuntu_image",
      "provider": "provider[\"registry.terraform.io/dmacvicar/libvirt\"]",
      "instances": [
        {
          "schema_version": 0,
          "attributes": {
            "base_volume_id": null,
            "base_volume_name": null,
            "base_volume_pool": null,
            "format": "qcow2",
            "id": "/var/lib/libvirt/images/ubuntu-22.04-server-cloudimg-amd64.img",
            "name": "ubuntu-22.04-server-cloudimg-amd64.img",
            "pool": "default",
            "size": 2361393152,
            "source": "https://cloud-images.ubuntu.com/releases/22.04/release/ubuntu-22.04-server-cloudimg-amd64.img",
            "xml": []
          },
          "sensitive_attributes": [],
          "identity_schema_version": 0,
          "private": "bnVsbA=="
        }
      ]
    }
  ],
  "check_results": null
}
